
Microsoft Visual Studio Solution File, Format Version 12.00
# Visual Studio Version 16
VisualStudioVersion = 16.0.30804.86
MinimumVisualStudioVersion = 10.0.40219.1
Project("{FAE04EC0-301F-11D3-BF4B-00C04F79EFBC}") = "WindowsFormsApp1", "WindowsFormsApp1\WindowsFormsApp1.csproj", "{72C959EE-D45F-4A16-9BF0-40F86FB0EFB9}"
EndProject
Project("{FAE04EC0-301F-11D3-BF4B-00C04F79EFBC}") = "CameraTracker_Database", "F:\Hiep\CameraTracker\CameraTracker_Database\CameraTracker_Database.csproj", "{888147FA-5F07-4DB5-9454-6792FEC52B04}"
EndProject
Global
	GlobalSection(SolutionConfigurationPlatforms) = preSolution
		Debug|Any CPU = Debug|Any CPU
		Debug|x64 = Debug|x64
		Release|Any CPU = Release|Any CPU
		Release|x64 = Release|x64
	EndGlobalSection
	GlobalSection(ProjectConfigurationPlatforms) = postSolution
		{72C959EE-D45F-4A16-9BF0-40F86FB0EFB9}.Debug|Any CPU.ActiveCfg = Debug|Any CPU
		{72C959EE-D45F-4A16-9BF0-40F86FB0EFB9}.Debug|Any CPU.Build.0 = Debug|Any CPU
		{72C959EE-D45F-4A16-9BF0-40F86FB0EFB9}.Debug|x64.ActiveCfg = Debug|Any CPU
		{72C959EE-D45F-4A16-9BF0-40F86FB0EFB9}.Debug|x64.Build.0 = Debug|Any CPU
		{72C959EE-D45F-4A16-9BF0-40F86FB0EFB9}.Release|Any CPU.ActiveCfg = Release|Any CPU
		{72C959EE-D45F-4A16-9BF0-40F86FB0EFB9}.Release|Any CPU.Build.0 = Release|Any CPU
		{72C959EE-D45F-4A16-9BF0-40F86FB0EFB9}.Release|x64.ActiveCfg = Release|Any CPU
		{72C959EE-D45F-4A16-9BF0-40F86FB0EFB9}.Release|x64.Build.0 = Release|Any CPU
		{888147FA-5F07-4DB5-9454-6792FEC52B04}.Debug|Any CPU.ActiveCfg = Debug|Any CPU
		{888147FA-5F07-4DB5-9454-6792FEC52B04}.Debug|Any CPU.Build.0 = Debug|Any CPU
		{888147FA-5F07-4DB5-9454-6792FEC52B04}.Debug|x64.ActiveCfg = Debug|x64
		{888147FA-5F07-4DB5-9454-6792FEC52B04}.Debug|x64.Build.0 = Debug|x64
		{888147FA-5F07-4DB5-9454-6792FEC52B04}.Release|Any CPU.ActiveCfg = Release|Any CPU
		{888147FA-5F07-4DB5-9454-6792FEC52B04}.Release|Any CPU.Build.0 = Release|Any CPU
		{888147FA-5F07-4DB5-9454-6792FEC52B04}.Release|x64.ActiveCfg = Release|x64
		{888147FA-5F07-4DB5-9454-6792FEC52B04}.Release|x64.Build.0 = Release|x64
	EndGlobalSection
	GlobalSection(SolutionProperties) = preSolution
		HideSolutionNode = FALSE
	EndGlobalSection
	GlobalSection(ExtensibilityGlobals) = postSolution
		SolutionGuid = {D39146EB-9D4E-499D-93E5-FBF41C0E00A9}
	EndGlobalSection
EndGlobal
